
Microsoft Visual Studio Solution File, Format Version 12.00
# Visual Studio Version 17
VisualStudioVersion = 17.9.34616.47
MinimumVisualStudioVersion = 10.0.40219.1
Project("{8BC9CEB8-8B4A-11D0-8D11-00A0C91BC942}") = "Pertemuan11", "Pertemuan11\Pertemuan11.vcxproj", "{BE60533A-CA07-40CA-B42B-44E84DE8B493}"
EndProject
Project("{8BC9CEB8-8B4A-11D0-8D11-00A0C91BC942}") = "Part2", "Part2\Part2.vcxproj", "{4CEBE685-9B17-4BE8-B9B9-B00642D985CE}"
EndProject
Project("{8BC9CEB8-8B4A-11D0-8D11-00A0C91BC942}") = "Part3", "Part3\Part3.vcxproj", "{869F5AA2-00A5-417E-9E9D-7A6622488160}"
EndProject
Project("{8BC9CEB8-8B4A-11D0-8D11-00A0C91BC942}") = "Part4", "Part4\Part4.vcxproj", "{06D59DA7-48CB-45BE-B114-E8CDDD7B5BA7}"
EndProject
Project("{8BC9CEB8-8B4A-11D0-8D11-00A0C91BC942}") = "Part5", "Part5\Part5.vcxproj", "{7BFBFBE0-9084-4181-A0BB-CB744B81B847}"
EndProject
Project("{8BC9CEB8-8B4A-11D0-8D11-00A0C91BC942}") = "part6", "part6\part6.vcxproj", "{0019B6C3-34C7-48DB-AB8B-3698EC2C2032}"
EndProject
Global
	GlobalSection(SolutionConfigurationPlatforms) = preSolution
		Debug|x64 = Debug|x64
		Debug|x86 = Debug|x86
		Release|x64 = Release|x64
		Release|x86 = Release|x86
	EndGlobalSection
	GlobalSection(ProjectConfigurationPlatforms) = postSolution
		{BE60533A-CA07-40CA-B42B-44E84DE8B493}.Debug|x64.ActiveCfg = Debug|x64
		{BE60533A-CA07-40CA-B42B-44E84DE8B493}.Debug|x64.Build.0 = Debug|x64
		{BE60533A-CA07-40CA-B42B-44E84DE8B493}.Debug|x86.ActiveCfg = Debug|Win32
		{BE60533A-CA07-40CA-B42B-44E84DE8B493}.Debug|x86.Build.0 = Debug|Win32
		{BE60533A-CA07-40CA-B42B-44E84DE8B493}.Release|x64.ActiveCfg = Release|x64
		{BE60533A-CA07-40CA-B42B-44E84DE8B493}.Release|x64.Build.0 = Release|x64
		{BE60533A-CA07-40CA-B42B-44E84DE8B493}.Release|x86.ActiveCfg = Release|Win32
		{BE60533A-CA07-40CA-B42B-44E84DE8B493}.Release|x86.Build.0 = Release|Win32
		{4CEBE685-9B17-4BE8-B9B9-B00642D985CE}.Debug|x64.ActiveCfg = Debug|x64
		{4CEBE685-9B17-4BE8-B9B9-B00642D985CE}.Debug|x64.Build.0 = Debug|x64
		{4CEBE685-9B17-4BE8-B9B9-B00642D985CE}.Debug|x86.ActiveCfg = Debug|Win32
		{4CEBE685-9B17-4BE8-B9B9-B00642D985CE}.Debug|x86.Build.0 = Debug|Win32
		{4CEBE685-9B17-4BE8-B9B9-B00642D985CE}.Release|x64.ActiveCfg = Release|x64
		{4CEBE685-9B17-4BE8-B9B9-B00642D985CE}.Release|x64.Build.0 = Release|x64
		{4CEBE685-9B17-4BE8-B9B9-B00642D985CE}.Release|x86.ActiveCfg = Release|Win32
		{4CEBE685-9B17-4BE8-B9B9-B00642D985CE}.Release|x86.Build.0 = Release|Win32
		{869F5AA2-00A5-417E-9E9D-7A6622488160}.Debug|x64.ActiveCfg = Debug|x64
		{869F5AA2-00A5-417E-9E9D-7A6622488160}.Debug|x64.Build.0 = Debug|x64
		{869F5AA2-00A5-417E-9E9D-7A6622488160}.Debug|x86.ActiveCfg = Debug|Win32
		{869F5AA2-00A5-417E-9E9D-7A6622488160}.Debug|x86.Build.0 = Debug|Win32
		{869F5AA2-00A5-417E-9E9D-7A6622488160}.Release|x64.ActiveCfg = Release|x64
		{869F5AA2-00A5-417E-9E9D-7A6622488160}.Release|x64.Build.0 = Release|x64
		{869F5AA2-00A5-417E-9E9D-7A6622488160}.Release|x86.ActiveCfg = Release|Win32
		{869F5AA2-00A5-417E-9E9D-7A6622488160}.Release|x86.Build.0 = Release|Win32
		{06D59DA7-48CB-45BE-B114-E8CDDD7B5BA7}.Debug|x64.ActiveCfg = Debug|x64
		{06D59DA7-48CB-45BE-B114-E8CDDD7B5BA7}.Debug|x64.Build.0 = Debug|x64
		{06D59DA7-48CB-45BE-B114-E8CDDD7B5BA7}.Debug|x86.ActiveCfg = Debug|Win32
		{06D59DA7-48CB-45BE-B114-E8CDDD7B5BA7}.Debug|x86.Build.0 = Debug|Win32
		{06D59DA7-48CB-45BE-B114-E8CDDD7B5BA7}.Release|x64.ActiveCfg = Release|x64
		{06D59DA7-48CB-45BE-B114-E8CDDD7B5BA7}.Release|x64.Build.0 = Release|x64
		{06D59DA7-48CB-45BE-B114-E8CDDD7B5BA7}.Release|x86.ActiveCfg = Release|Win32
		{06D59DA7-48CB-45BE-B114-E8CDDD7B5BA7}.Release|x86.Build.0 = Release|Win32
		{7BFBFBE0-9084-4181-A0BB-CB744B81B847}.Debug|x64.ActiveCfg = Debug|x64
		{7BFBFBE0-9084-4181-A0BB-CB744B81B847}.Debug|x64.Build.0 = Debug|x64
		{7BFBFBE0-9084-4181-A0BB-CB744B81B847}.Debug|x86.ActiveCfg = Debug|Win32
		{7BFBFBE0-9084-4181-A0BB-CB744B81B847}.Debug|x86.Build.0 = Debug|Win32
		{7BFBFBE0-9084-4181-A0BB-CB744B81B847}.Release|x64.ActiveCfg = Release|x64
		{7BFBFBE0-9084-4181-A0BB-CB744B81B847}.Release|x64.Build.0 = Release|x64
		{7BFBFBE0-9084-4181-A0BB-CB744B81B847}.Release|x86.ActiveCfg = Release|Win32
		{7BFBFBE0-9084-4181-A0BB-CB744B81B847}.Release|x86.Build.0 = Release|Win32
		{0019B6C3-34C7-48DB-AB8B-3698EC2C2032}.Debug|x64.ActiveCfg = Debug|x64
		{0019B6C3-34C7-48DB-AB8B-3698EC2C2032}.Debug|x64.Build.0 = Debug|x64
		{0019B6C3-34C7-48DB-AB8B-3698EC2C2032}.Debug|x86.ActiveCfg = Debug|Win32
		{0019B6C3-34C7-48DB-AB8B-3698EC2C2032}.Debug|x86.Build.0 = Debug|Win32
		{0019B6C3-34C7-48DB-AB8B-3698EC2C2032}.Release|x64.ActiveCfg = Release|x64
		{0019B6C3-34C7-48DB-AB8B-3698EC2C2032}.Release|x64.Build.0 = Release|x64
		{0019B6C3-34C7-48DB-AB8B-3698EC2C2032}.Release|x86.ActiveCfg = Release|Win32
		{0019B6C3-34C7-48DB-AB8B-3698EC2C2032}.Release|x86.Build.0 = Release|Win32
	EndGlobalSection
	GlobalSection(SolutionProperties) = preSolution
		HideSolutionNode = FALSE
	EndGlobalSection
	GlobalSection(ExtensibilityGlobals) = postSolution
		SolutionGuid = {CF7AA0F3-AE8F-4561-A6D8-4D88D3E9297C}
	EndGlobalSection
EndGlobal
